// !$*UTF8*$!
{
	archiveVersion = 1;
	classes = {
	};
	objectVersion = 56;
	objects = {

/* Begin PBXBuildFile section */
		0458A5382BAE054500898716 /* HotProspectsApp.swift in Sources */ = {isa = PBXBuildFile; fileRef = 0458A5372BAE054500898716 /* HotProspectsApp.swift */; };
		0458A53A2BAE054500898716 /* ContentView.swift in Sources */ = {isa = PBXBuildFile; fileRef = 0458A5392BAE054500898716 /* ContentView.swift */; };
		0458A53C2BAE054700898716 /* Assets.xcassets in Resources */ = {isa = PBXBuildFile; fileRef = 0458A53B2BAE054700898716 /* Assets.xcassets */; };
		0458A53F2BAE054700898716 /* Preview Assets.xcassets in Resources */ = {isa = PBXBuildFile; fileRef = 0458A53E2BAE054700898716 /* Preview Assets.xcassets */; };
		0458A5482BAE06A500898716 /* TabViewExampleView.swift in Sources */ = {isa = PBXBuildFile; fileRef = 0458A5472BAE06A500898716 /* TabViewExampleView.swift */; };
		0458A54A2BAE0A4A00898716 /* ContextMenuView.swift in Sources */ = {isa = PBXBuildFile; fileRef = 0458A5492BAE0A4A00898716 /* ContextMenuView.swift */; };
		0458A54C2BAE0B1B00898716 /* SwipeActionView.swift in Sources */ = {isa = PBXBuildFile; fileRef = 0458A54B2BAE0B1B00898716 /* SwipeActionView.swift */; };
		0458A54E2BAE0C5D00898716 /* LocalNotificationView.swift in Sources */ = {isa = PBXBuildFile; fileRef = 0458A54D2BAE0C5D00898716 /* LocalNotificationView.swift */; };
		0458A5552BAE109F00898716 /* ProspectsView.swift in Sources */ = {isa = PBXBuildFile; fileRef = 0458A5542BAE109F00898716 /* ProspectsView.swift */; };
		0458A5572BAE10A900898716 /* MeView.swift in Sources */ = {isa = PBXBuildFile; fileRef = 0458A5562BAE10A900898716 /* MeView.swift */; };
		0458A5592BAE10CC00898716 /* MainView.swift in Sources */ = {isa = PBXBuildFile; fileRef = 0458A5582BAE10CC00898716 /* MainView.swift */; };
		0458A55C2BAE12AB00898716 /* Prospect.swift in Sources */ = {isa = PBXBuildFile; fileRef = 0458A55B2BAE12AB00898716 /* Prospect.swift */; };
		0458A55F2BAE173D00898716 /* CodeScanner in Frameworks */ = {isa = PBXBuildFile; productRef = 0458A55E2BAE173D00898716 /* CodeScanner */; };
/* End PBXBuildFile section */

/* Begin PBXFileReference section */
		0458A5342BAE054500898716 /* HotProspects.app */ = {isa = PBXFileReference; explicitFileType = wrapper.application; includeInIndex = 0; path = HotProspects.app; sourceTree = BUILT_PRODUCTS_DIR; };
		0458A5372BAE054500898716 /* HotProspectsApp.swift */ = {isa = PBXFileReference; lastKnownFileType = sourcecode.swift; path = HotProspectsApp.swift; sourceTree = "<group>"; };
		0458A5392BAE054500898716 /* ContentView.swift */ = {isa = PBXFileReference; lastKnownFileType = sourcecode.swift; path = ContentView.swift; sourceTree = "<group>"; };
		0458A53B2BAE054700898716 /* Assets.xcassets */ = {isa = PBXFileReference; lastKnownFileType = folder.assetcatalog; path = Assets.xcassets; sourceTree = "<group>"; };
		0458A53E2BAE054700898716 /* Preview Assets.xcassets */ = {isa = PBXFileReference; lastKnownFileType = folder.assetcatalog; path = "Preview Assets.xcassets"; sourceTree = "<group>"; };
		0458A5472BAE06A500898716 /* TabViewExampleView.swift */ = {isa = PBXFileReference; lastKnownFileType = sourcecode.swift; path = TabViewExampleView.swift; sourceTree = "<group>"; };
		0458A5492BAE0A4A00898716 /* ContextMenuView.swift */ = {isa = PBXFileReference; lastKnownFileType = sourcecode.swift; path = ContextMenuView.swift; sourceTree = "<group>"; };
		0458A54B2BAE0B1B00898716 /* SwipeActionView.swift */ = {isa = PBXFileReference; lastKnownFileType = sourcecode.swift; path = SwipeActionView.swift; sourceTree = "<group>"; };
		0458A54D2BAE0C5D00898716 /* LocalNotificationView.swift */ = {isa = PBXFileReference; lastKnownFileType = sourcecode.swift; path = LocalNotificationView.swift; sourceTree = "<group>"; };
		0458A5542BAE109F00898716 /* ProspectsView.swift */ = {isa = PBXFileReference; lastKnownFileType = sourcecode.swift; path = ProspectsView.swift; sourceTree = "<group>"; };
		0458A5562BAE10A900898716 /* MeView.swift */ = {isa = PBXFileReference; lastKnownFileType = sourcecode.swift; path = MeView.swift; sourceTree = "<group>"; };
		0458A5582BAE10CC00898716 /* MainView.swift */ = {isa = PBXFileReference; lastKnownFileType = sourcecode.swift; path = MainView.swift; sourceTree = "<group>"; };
		0458A55B2BAE12AB00898716 /* Prospect.swift */ = {isa = PBXFileReference; lastKnownFileType = sourcecode.swift; path = Prospect.swift; sourceTree = "<group>"; };
/* End PBXFileReference section */

/* Begin PBXFrameworksBuildPhase section */
		0458A5312BAE054500898716 /* Frameworks */ = {
			isa = PBXFrameworksBuildPhase;
			buildActionMask = 2147483647;
			files = (
				0458A55F2BAE173D00898716 /* CodeScanner in Frameworks */,
			);
			runOnlyForDeploymentPostprocessing = 0;
		};
/* End PBXFrameworksBuildPhase section */

/* Begin PBXGroup section */
		0458A52B2BAE054400898716 = {
			isa = PBXGroup;
			children = (
				0458A5362BAE054500898716 /* HotProspects */,
				0458A5352BAE054500898716 /* Products */,
			);
			sourceTree = "<group>";
		};
		0458A5352BAE054500898716 /* Products */ = {
			isa = PBXGroup;
			children = (
				0458A5342BAE054500898716 /* HotProspects.app */,
			);
			name = Products;
			sourceTree = "<group>";
		};
		0458A5362BAE054500898716 /* HotProspects */ = {
			isa = PBXGroup;
			children = (
				0458A5372BAE054500898716 /* HotProspectsApp.swift */,
				0458A55A2BAE12A300898716 /* Models */,
				0458A5452BAE068200898716 /* Views */,
				0458A5462BAE068700898716 /* Files */,
				0458A53D2BAE054700898716 /* Preview Content */,
			);
			path = HotProspects;
			sourceTree = "<group>";
		};
		0458A53D2BAE054700898716 /* Preview Content */ = {
			isa = PBXGroup;
			children = (
				0458A53E2BAE054700898716 /* Preview Assets.xcassets */,
			);
			path = "Preview Content";
			sourceTree = "<group>";
		};
		0458A5452BAE068200898716 /* Views */ = {
			isa = PBXGroup;
			children = (
				0458A5582BAE10CC00898716 /* MainView.swift */,
				0458A5542BAE109F00898716 /* ProspectsView.swift */,
				0458A5562BAE10A900898716 /* MeView.swift */,
				0458A5392BAE054500898716 /* ContentView.swift */,
				0458A5472BAE06A500898716 /* TabViewExampleView.swift */,
				0458A5492BAE0A4A00898716 /* ContextMenuView.swift */,
				0458A54B2BAE0B1B00898716 /* SwipeActionView.swift */,
				0458A54D2BAE0C5D00898716 /* LocalNotificationView.swift */,
			);
			path = Views;
			sourceTree = "<group>";
		};
		0458A5462BAE068700898716 /* Files */ = {
			isa = PBXGroup;
			children = (
				0458A53B2BAE054700898716 /* Assets.xcassets */,
			);
			name = Files;
			sourceTree = "<group>";
		};
		0458A55A2BAE12A300898716 /* Models */ = {
			isa = PBXGroup;
			children = (
				0458A55B2BAE12AB00898716 /* Prospect.swift */,
			);
			path = Models;
			sourceTree = "<group>";
		};
/* End PBXGroup section */

/* Begin PBXNativeTarget section */
		0458A5332BAE054500898716 /* HotProspects */ = {
			isa = PBXNativeTarget;
			buildConfigurationList = 0458A5422BAE054700898716 /* Build configuration list for PBXNativeTarget "HotProspects" */;
			buildPhases = (
				0458A5302BAE054500898716 /* Sources */,
				0458A5312BAE054500898716 /* Frameworks */,
				0458A5322BAE054500898716 /* Resources */,
			);
			buildRules = (
			);
			dependencies = (
			);
			name = HotProspects;
			packageProductDependencies = (
				0458A55E2BAE173D00898716 /* CodeScanner */,
			);
			productName = HotProspects;
			productReference = 0458A5342BAE054500898716 /* HotProspects.app */;
			productType = "com.apple.product-type.application";
		};
/* End PBXNativeTarget section */

/* Begin PBXProject section */
		0458A52C2BAE054400898716 /* Project object */ = {
			isa = PBXProject;
			attributes = {
				BuildIndependentTargetsInParallel = 1;
				LastSwiftUpdateCheck = 1520;
				LastUpgradeCheck = 1520;
				TargetAttributes = {
					0458A5332BAE054500898716 = {
						CreatedOnToolsVersion = 15.2;
					};
				};
			};
			buildConfigurationList = 0458A52F2BAE054400898716 /* Build configuration list for PBXProject "HotProspects" */;
			compatibilityVersion = "Xcode 14.0";
			developmentRegion = en;
			hasScannedForEncodings = 0;
			knownRegions = (
				en,
				Base,
			);
			mainGroup = 0458A52B2BAE054400898716;
			packageReferences = (
				0458A54F2BAE0E6D00898716 /* XCRemoteSwiftPackageReference "SamplePackage" */,
				0458A55D2BAE173D00898716 /* XCRemoteSwiftPackageReference "CodeScanner" */,
			);
			productRefGroup = 0458A5352BAE054500898716 /* Products */;
			projectDirPath = "";
			projectRoot = "";
			targets = (
				0458A5332BAE054500898716 /* HotProspects */,
			);
		};
/* End PBXProject section */

/* Begin PBXResourcesBuildPhase section */
		0458A5322BAE054500898716 /* Resources */ = {
			isa = PBXResourcesBuildPhase;
			buildActionMask = 2147483647;
			files = (
				0458A53F2BAE054700898716 /* Preview Assets.xcassets in Resources */,
				0458A53C2BAE054700898716 /* Assets.xcassets in Resources */,
			);
			runOnlyForDeploymentPostprocessing = 0;
		};
/* End PBXResourcesBuildPhase section */

/* Begin PBXSourcesBuildPhase section */
		0458A5302BAE054500898716 /* Sources */ = {
			isa = PBXSourcesBuildPhase;
			buildActionMask = 2147483647;
			files = (
				0458A53A2BAE054500898716 /* ContentView.swift in Sources */,
				0458A54A2BAE0A4A00898716 /* ContextMenuView.swift in Sources */,
				0458A5482BAE06A500898716 /* TabViewExampleView.swift in Sources */,
				0458A5592BAE10CC00898716 /* MainView.swift in Sources */,
				0458A5552BAE109F00898716 /* ProspectsView.swift in Sources */,
				0458A54E2BAE0C5D00898716 /* LocalNotificationView.swift in Sources */,
				0458A5572BAE10A900898716 /* MeView.swift in Sources */,
				0458A55C2BAE12AB00898716 /* Prospect.swift in Sources */,
				0458A5382BAE054500898716 /* HotProspectsApp.swift in Sources */,
				0458A54C2BAE0B1B00898716 /* SwipeActionView.swift in Sources */,
			);
			runOnlyForDeploymentPostprocessing = 0;
		};
/* End PBXSourcesBuildPhase section */

/* Begin XCBuildConfiguration section */
		0458A5402BAE054700898716 /* Debug */ = {
			isa = XCBuildConfiguration;
			buildSettings = {
				ALWAYS_SEARCH_USER_PATHS = NO;
				ASSETCATALOG_COMPILER_GENERATE_SWIFT_ASSET_SYMBOL_EXTENSIONS = YES;
				CLANG_ANALYZER_NONNULL = YES;
				CLANG_ANALYZER_NUMBER_OBJECT_CONVERSION = YES_AGGRESSIVE;
				CLANG_CXX_LANGUAGE_STANDARD = "gnu++20";
				CLANG_ENABLE_MODULES = YES;
				CLANG_ENABLE_OBJC_ARC = YES;
				CLANG_ENABLE_OBJC_WEAK = YES;
				CLANG_WARN_BLOCK_CAPTURE_AUTORELEASING = YES;
				CLANG_WARN_BOOL_CONVERSION = YES;
				CLANG_WARN_COMMA = YES;
				CLANG_WARN_CONSTANT_CONVERSION = YES;
				CLANG_WARN_DEPRECATED_OBJC_IMPLEMENTATIONS = YES;
				CLANG_WARN_DIRECT_OBJC_ISA_USAGE = YES_ERROR;
				CLANG_WARN_DOCUMENTATION_COMMENTS = YES;
				CLANG_WARN_EMPTY_BODY = YES;
				CLANG_WARN_ENUM_CONVERSION = YES;
				CLANG_WARN_INFINITE_RECURSION = YES;
				CLANG_WARN_INT_CONVERSION = YES;
				CLANG_WARN_NON_LITERAL_NULL_CONVERSION = YES;
				CLANG_WARN_OBJC_IMPLICIT_RETAIN_SELF = YES;
				CLANG_WARN_OBJC_LITERAL_CONVERSION = YES;
				CLANG_WARN_OBJC_ROOT_CLASS = YES_ERROR;
				CLANG_WARN_QUOTED_INCLUDE_IN_FRAMEWORK_HEADER = YES;
				CLANG_WARN_RANGE_LOOP_ANALYSIS = YES;
				CLANG_WARN_STRICT_PROTOTYPES = YES;
				CLANG_WARN_SUSPICIOUS_MOVE = YES;
				CLANG_WARN_UNGUARDED_AVAILABILITY = YES_AGGRESSIVE;
				CLANG_WARN_UNREACHABLE_CODE = YES;
				CLANG_WARN__DUPLICATE_METHOD_MATCH = YES;
				COPY_PHASE_STRIP = NO;
				DEBUG_INFORMATION_FORMAT = dwarf;
				ENABLE_STRICT_OBJC_MSGSEND = YES;
				ENABLE_TESTABILITY = YES;
				ENABLE_USER_SCRIPT_SANDBOXING = YES;
				GCC_C_LANGUAGE_STANDARD = gnu17;
				GCC_DYNAMIC_NO_PIC = NO;
				GCC_NO_COMMON_BLOCKS = YES;
				GCC_OPTIMIZATION_LEVEL = 0;
				GCC_PREPROCESSOR_DEFINITIONS = (
					"DEBUG=1",
					"$(inherited)",
				);
				GCC_WARN_64_TO_32_BIT_CONVERSION = YES;
				GCC_WARN_ABOUT_RETURN_TYPE = YES_ERROR;
				GCC_WARN_UNDECLARED_SELECTOR = YES;
				GCC_WARN_UNINITIALIZED_AUTOS = YES_AGGRESSIVE;
				GCC_WARN_UNUSED_FUNCTION = YES;
				GCC_WARN_UNUSED_VARIABLE = YES;
				IPHONEOS_DEPLOYMENT_TARGET = 17.2;
				LOCALIZATION_PREFERS_STRING_CATALOGS = YES;
				MTL_ENABLE_DEBUG_INFO = INCLUDE_SOURCE;
				MTL_FAST_MATH = YES;
				ONLY_ACTIVE_ARCH = YES;
				SDKROOT = iphoneos;
				SWIFT_ACTIVE_COMPILATION_CONDITIONS = "DEBUG $(inherited)";
				SWIFT_OPTIMIZATION_LEVEL = "-Onone";
			};
			name = Debug;
		};
		0458A5412BAE054700898716 /* Release */ = {
			isa = XCBuildConfiguration;
			buildSettings = {
				ALWAYS_SEARCH_USER_PATHS = NO;
				ASSETCATALOG_COMPILER_GENERATE_SWIFT_ASSET_SYMBOL_EXTENSIONS = YES;
				CLANG_ANALYZER_NONNULL = YES;
				CLANG_ANALYZER_NUMBER_OBJECT_CONVERSION = YES_AGGRESSIVE;
				CLANG_CXX_LANGUAGE_STANDARD = "gnu++20";
				CLANG_ENABLE_MODULES = YES;
				CLANG_ENABLE_OBJC_ARC = YES;
				CLANG_ENABLE_OBJC_WEAK = YES;
				CLANG_WARN_BLOCK_CAPTURE_AUTORELEASING = YES;
				CLANG_WARN_BOOL_CONVERSION = YES;
				CLANG_WARN_COMMA = YES;
				CLANG_WARN_CONSTANT_CONVERSION = YES;
				CLANG_WARN_DEPRECATED_OBJC_IMPLEMENTATIONS = YES;
				CLANG_WARN_DIRECT_OBJC_ISA_USAGE = YES_ERROR;
				CLANG_WARN_DOCUMENTATION_COMMENTS = YES;
				CLANG_WARN_EMPTY_BODY = YES;
				CLANG_WARN_ENUM_CONVERSION = YES;
				CLANG_WARN_INFINITE_RECURSION = YES;
				CLANG_WARN_INT_CONVERSION = YES;
				CLANG_WARN_NON_LITERAL_NULL_CONVERSION = YES;
				CLANG_WARN_OBJC_IMPLICIT_RETAIN_SELF = YES;
				CLANG_WARN_OBJC_LITERAL_CONVERSION = YES;
				CLANG_WARN_OBJC_ROOT_CLASS = YES_ERROR;
				CLANG_WARN_QUOTED_INCLUDE_IN_FRAMEWORK_HEADER = YES;
				CLANG_WARN_RANGE_LOOP_ANALYSIS = YES;
				CLANG_WARN_STRICT_PROTOTYPES = YES;
				CLANG_WARN_SUSPICIOUS_MOVE = YES;
				CLANG_WARN_UNGUARDED_AVAILABILITY = YES_AGGRESSIVE;
				CLANG_WARN_UNREACHABLE_CODE = YES;
				CLANG_WARN__DUPLICATE_METHOD_MATCH = YES;
				COPY_PHASE_STRIP = NO;
				DEBUG_INFORMATION_FORMAT = "dwarf-with-dsym";
				ENABLE_NS_ASSERTIONS = NO;
				ENABLE_STRICT_OBJC_MSGSEND = YES;
				ENABLE_USER_SCRIPT_SANDBOXING = YES;
				GCC_C_LANGUAGE_STANDARD = gnu17;
				GCC_NO_COMMON_BLOCKS = YES;
				GCC_WARN_64_TO_32_BIT_CONVERSION = YES;
				GCC_WARN_ABOUT_RETURN_TYPE = YES_ERROR;
				GCC_WARN_UNDECLARED_SELECTOR = YES;
				GCC_WARN_UNINITIALIZED_AUTOS = YES_AGGRESSIVE;
				GCC_WARN_UNUSED_FUNCTION = YES;
				GCC_WARN_UNUSED_VARIABLE = YES;
				IPHONEOS_DEPLOYMENT_TARGET = 17.2;
				LOCALIZATION_PREFERS_STRING_CATALOGS = YES;
				MTL_ENABLE_DEBUG_INFO = NO;
				MTL_FAST_MATH = YES;
				SDKROOT = iphoneos;
				SWIFT_COMPILATION_MODE = wholemodule;
				VALIDATE_PRODUCT = YES;
			};
			name = Release;
		};
		0458A5432BAE054700898716 /* Debug */ = {
			isa = XCBuildConfiguration;
			buildSettings = {
				ASSETCATALOG_COMPILER_APPICON_NAME = AppIcon;
				ASSETCATALOG_COMPILER_GLOBAL_ACCENT_COLOR_NAME = AccentColor;
				CODE_SIGN_STYLE = Automatic;
				CURRENT_PROJECT_VERSION = 1;
				DEVELOPMENT_ASSET_PATHS = "\"HotProspects/Preview Content\"";
				DEVELOPMENT_TEAM = LJ5NJ37RFB;
				ENABLE_PREVIEWS = YES;
				GENERATE_INFOPLIST_FILE = YES;
				INFOPLIST_KEY_NSCameraUsageDescription = "Access to scan codes";
				INFOPLIST_KEY_NSPhotoLibraryAddUsageDescription = "Some permission here";
				INFOPLIST_KEY_UIApplicationSceneManifest_Generation = YES;
				INFOPLIST_KEY_UIApplicationSupportsIndirectInputEvents = YES;
				INFOPLIST_KEY_UILaunchScreen_Generation = YES;
				INFOPLIST_KEY_UISupportedInterfaceOrientations_iPad = "UIInterfaceOrientationPortrait UIInterfaceOrientationPortraitUpsideDown UIInterfaceOrientationLandscapeLeft UIInterfaceOrientationLandscapeRight";
				INFOPLIST_KEY_UISupportedInterfaceOrientations_iPhone = "UIInterfaceOrientationPortrait UIInterfaceOrientationLandscapeLeft UIInterfaceOrientationLandscapeRight";
				LD_RUNPATH_SEARCH_PATHS = (
					"$(inherited)",
					"@executable_path/Frameworks",
				);
				MARKETING_VERSION = 1.0;
				PRODUCT_BUNDLE_IDENTIFIER = com.tedom.HotProspects;
				PRODUCT_NAME = "$(TARGET_NAME)";
				SWIFT_EMIT_LOC_STRINGS = YES;
				SWIFT_VERSION = 5.0;
				TARGETED_DEVICE_FAMILY = "1,2";
			};
			name = Debug;
		};
		0458A5442BAE054700898716 /* Release */ = {
			isa = XCBuildConfiguration;
			buildSettings = {
				ASSETCATALOG_COMPILER_APPICON_NAME = AppIcon;
				ASSETCATALOG_COMPILER_GLOBAL_ACCENT_COLOR_NAME = AccentColor;
				CODE_SIGN_STYLE = Automatic;
				CURRENT_PROJECT_VERSION = 1;
				DEVELOPMENT_ASSET_PATHS = "\"HotProspects/Preview Content\"";
				DEVELOPMENT_TEAM = LJ5NJ37RFB;
				ENABLE_PREVIEWS = YES;
				GENERATE_INFOPLIST_FILE = YES;
				INFOPLIST_KEY_NSCameraUsageDescription = "Access to scan codes";
				INFOPLIST_KEY_NSPhotoLibraryAddUsageDescription = "Some permission here";
				INFOPLIST_KEY_UIApplicationSceneManifest_Generation = YES;
				INFOPLIST_KEY_UIApplicationSupportsIndirectInputEvents = YES;
				INFOPLIST_KEY_UILaunchScreen_Generation = YES;
				INFOPLIST_KEY_UISupportedInterfaceOrientations_iPad = "UIInterfaceOrientationPortrait UIInterfaceOrientationPortraitUpsideDown UIInterfaceOrientationLandscapeLeft UIInterfaceOrientationLandscapeRight";
				INFOPLIST_KEY_UISupportedInterfaceOrientations_iPhone = "UIInterfaceOrientationPortrait UIInterfaceOrientationLandscapeLeft UIInterfaceOrientationLandscapeRight";
				LD_RUNPATH_SEARCH_PATHS = (
					"$(inherited)",
					"@executable_path/Frameworks",
				);
				MARKETING_VERSION = 1.0;
				PRODUCT_BUNDLE_IDENTIFIER = com.tedom.HotProspects;
				PRODUCT_NAME = "$(TARGET_NAME)";
				SWIFT_EMIT_LOC_STRINGS = YES;
				SWIFT_VERSION = 5.0;
				TARGETED_DEVICE_FAMILY = "1,2";
			};
			name = Release;
		};
/* End XCBuildConfiguration section */

/* Begin XCConfigurationList section */
		0458A52F2BAE054400898716 /* Build configuration list for PBXProject "HotProspects" */ = {
			isa = XCConfigurationList;
			buildConfigurations = (
				0458A5402BAE054700898716 /* Debug */,
				0458A5412BAE054700898716 /* Release */,
			);
			defaultConfigurationIsVisible = 0;
			defaultConfigurationName = Release;
		};
		0458A5422BAE054700898716 /* Build configuration list for PBXNativeTarget "HotProspects" */ = {
			isa = XCConfigurationList;
			buildConfigurations = (
				0458A5432BAE054700898716 /* Debug */,
				0458A5442BAE054700898716 /* Release */,
			);
			defaultConfigurationIsVisible = 0;
			defaultConfigurationName = Release;
		};
/* End XCConfigurationList section */

/* Begin XCRemoteSwiftPackageReference section */
		0458A54F2BAE0E6D00898716 /* XCRemoteSwiftPackageReference "SamplePackage" */ = {
			isa = XCRemoteSwiftPackageReference;
			repositoryURL = "https://github.com/twostraws/SamplePackage";
			requirement = {
				kind = upToNextMajorVersion;
				minimumVersion = 1.0.0;
			};
		};
		0458A55D2BAE173D00898716 /* XCRemoteSwiftPackageReference "CodeScanner" */ = {
			isa = XCRemoteSwiftPackageReference;
			repositoryURL = "https://github.com/twostraws/CodeScanner";
			requirement = {
				kind = upToNextMajorVersion;
				minimumVersion = 2.4.0;
			};
		};
/* End XCRemoteSwiftPackageReference section */

/* Begin XCSwiftPackageProductDependency section */
		0458A55E2BAE173D00898716 /* CodeScanner */ = {
			isa = XCSwiftPackageProductDependency;
			package = 0458A55D2BAE173D00898716 /* XCRemoteSwiftPackageReference "CodeScanner" */;
			productName = CodeScanner;
		};
/* End XCSwiftPackageProductDependency section */
	};
	rootObject = 0458A52C2BAE054400898716 /* Project object */;
}
