// !$*UTF8*$!
{
	archiveVersion = 1;
	classes = {
	};
	objectVersion = 56;
	objects = {

/* Begin PBXBuildFile section */
		04533FF22B9F7E9800E4310E /* SecondView.swift in Sources */ = {isa = PBXBuildFile; fileRef = 04533FF12B9F7E9800E4310E /* SecondView.swift */; };
		04533FF42B9F7EBC00E4310E /* ContentViewWithSheet.swift in Sources */ = {isa = PBXBuildFile; fileRef = 04533FF32B9F7EBC00E4310E /* ContentViewWithSheet.swift */; };
		04533FF62B9F802200E4310E /* ListOnDelete.swift in Sources */ = {isa = PBXBuildFile; fileRef = 04533FF52B9F802200E4310E /* ListOnDelete.swift */; };
		04533FF92B9F820200E4310E /* README in Resources */ = {isa = PBXBuildFile; fileRef = 04533FF82B9F820200E4310E /* README */; };
		04533FFE2B9F847D00E4310E /* ExpenseItem.swift in Sources */ = {isa = PBXBuildFile; fileRef = 04533FFD2B9F847D00E4310E /* ExpenseItem.swift */; };
		045340002B9F849000E4310E /* Expense.swift in Sources */ = {isa = PBXBuildFile; fileRef = 04533FFF2B9F849000E4310E /* Expense.swift */; };
		046F57362B9F6F5C002B67D7 /* iExpenseApp.swift in Sources */ = {isa = PBXBuildFile; fileRef = 046F57352B9F6F5C002B67D7 /* iExpenseApp.swift */; };
		046F57382B9F6F5C002B67D7 /* ContentView.swift in Sources */ = {isa = PBXBuildFile; fileRef = 046F57372B9F6F5C002B67D7 /* ContentView.swift */; };
		046F573A2B9F6F5E002B67D7 /* Assets.xcassets in Resources */ = {isa = PBXBuildFile; fileRef = 046F57392B9F6F5E002B67D7 /* Assets.xcassets */; };
		046F573D2B9F6F5E002B67D7 /* Preview Assets.xcassets in Resources */ = {isa = PBXBuildFile; fileRef = 046F573C2B9F6F5E002B67D7 /* Preview Assets.xcassets */; };
/* End PBXBuildFile section */

/* Begin PBXFileReference section */
		04533FF12B9F7E9800E4310E /* SecondView.swift */ = {isa = PBXFileReference; lastKnownFileType = sourcecode.swift; path = SecondView.swift; sourceTree = "<group>"; };
		04533FF32B9F7EBC00E4310E /* ContentViewWithSheet.swift */ = {isa = PBXFileReference; lastKnownFileType = sourcecode.swift; path = ContentViewWithSheet.swift; sourceTree = "<group>"; };
		04533FF52B9F802200E4310E /* ListOnDelete.swift */ = {isa = PBXFileReference; lastKnownFileType = sourcecode.swift; path = ListOnDelete.swift; sourceTree = "<group>"; };
		04533FF82B9F820200E4310E /* README */ = {isa = PBXFileReference; lastKnownFileType = text; path = README; sourceTree = "<group>"; };
		04533FFD2B9F847D00E4310E /* ExpenseItem.swift */ = {isa = PBXFileReference; lastKnownFileType = sourcecode.swift; path = ExpenseItem.swift; sourceTree = "<group>"; };
		04533FFF2B9F849000E4310E /* Expense.swift */ = {isa = PBXFileReference; lastKnownFileType = sourcecode.swift; path = Expense.swift; sourceTree = "<group>"; };
		046F57322B9F6F5C002B67D7 /* iExpense.app */ = {isa = PBXFileReference; explicitFileType = wrapper.application; includeInIndex = 0; path = iExpense.app; sourceTree = BUILT_PRODUCTS_DIR; };
		046F57352B9F6F5C002B67D7 /* iExpenseApp.swift */ = {isa = PBXFileReference; lastKnownFileType = sourcecode.swift; path = iExpenseApp.swift; sourceTree = "<group>"; };
		046F57372B9F6F5C002B67D7 /* ContentView.swift */ = {isa = PBXFileReference; lastKnownFileType = sourcecode.swift; path = ContentView.swift; sourceTree = "<group>"; };
		046F57392B9F6F5E002B67D7 /* Assets.xcassets */ = {isa = PBXFileReference; lastKnownFileType = folder.assetcatalog; path = Assets.xcassets; sourceTree = "<group>"; };
		046F573C2B9F6F5E002B67D7 /* Preview Assets.xcassets */ = {isa = PBXFileReference; lastKnownFileType = folder.assetcatalog; path = "Preview Assets.xcassets"; sourceTree = "<group>"; };
/* End PBXFileReference section */

/* Begin PBXFrameworksBuildPhase section */
		046F572F2B9F6F5C002B67D7 /* Frameworks */ = {
			isa = PBXFrameworksBuildPhase;
			buildActionMask = 2147483647;
			files = (
			);
			runOnlyForDeploymentPostprocessing = 0;
		};
/* End PBXFrameworksBuildPhase section */

/* Begin PBXGroup section */
		04533FEF2B9F7D2200E4310E /* Files */ = {
			isa = PBXGroup;
			children = (
				046F57392B9F6F5E002B67D7 /* Assets.xcassets */,
			);
			name = Files;
			sourceTree = "<group>";
		};
		04533FF02B9F7D2D00E4310E /* Views */ = {
			isa = PBXGroup;
			children = (
				04533FF72B9F81EF00E4310E /* ListOnDelete */,
				046F57372B9F6F5C002B67D7 /* ContentView.swift */,
				04533FF12B9F7E9800E4310E /* SecondView.swift */,
				04533FF32B9F7EBC00E4310E /* ContentViewWithSheet.swift */,
			);
			path = Views;
			sourceTree = "<group>";
		};
		04533FF72B9F81EF00E4310E /* ListOnDelete */ = {
			isa = PBXGroup;
			children = (
				04533FF52B9F802200E4310E /* ListOnDelete.swift */,
				04533FF82B9F820200E4310E /* README */,
			);
			path = ListOnDelete;
			sourceTree = "<group>";
		};
		04533FFA2B9F844E00E4310E /* Models */ = {
			isa = PBXGroup;
			children = (
				04533FFD2B9F847D00E4310E /* ExpenseItem.swift */,
				04533FFF2B9F849000E4310E /* Expense.swift */,
			);
			path = Models;
			sourceTree = "<group>";
		};
		046F57292B9F6F5C002B67D7 = {
			isa = PBXGroup;
			children = (
				046F57342B9F6F5C002B67D7 /* iExpense */,
				046F57332B9F6F5C002B67D7 /* Products */,
			);
			sourceTree = "<group>";
		};
		046F57332B9F6F5C002B67D7 /* Products */ = {
			isa = PBXGroup;
			children = (
				046F57322B9F6F5C002B67D7 /* iExpense.app */,
			);
			name = Products;
			sourceTree = "<group>";
		};
		046F57342B9F6F5C002B67D7 /* iExpense */ = {
			isa = PBXGroup;
			children = (
				046F57352B9F6F5C002B67D7 /* iExpenseApp.swift */,
				04533FF02B9F7D2D00E4310E /* Views */,
				04533FFA2B9F844E00E4310E /* Models */,
				04533FEF2B9F7D2200E4310E /* Files */,
				046F573B2B9F6F5E002B67D7 /* Preview Content */,
			);
			path = iExpense;
			sourceTree = "<group>";
		};
		046F573B2B9F6F5E002B67D7 /* Preview Content */ = {
			isa = PBXGroup;
			children = (
				046F573C2B9F6F5E002B67D7 /* Preview Assets.xcassets */,
			);
			path = "Preview Content";
			sourceTree = "<group>";
		};
/* End PBXGroup section */

/* Begin PBXNativeTarget section */
		046F57312B9F6F5C002B67D7 /* iExpense */ = {
			isa = PBXNativeTarget;
			buildConfigurationList = 046F57402B9F6F5E002B67D7 /* Build configuration list for PBXNativeTarget "iExpense" */;
			buildPhases = (
				046F572E2B9F6F5C002B67D7 /* Sources */,
				046F572F2B9F6F5C002B67D7 /* Frameworks */,
				046F57302B9F6F5C002B67D7 /* Resources */,
			);
			buildRules = (
			);
			dependencies = (
			);
			name = iExpense;
			productName = iExpense;
			productReference = 046F57322B9F6F5C002B67D7 /* iExpense.app */;
			productType = "com.apple.product-type.application";
		};
/* End PBXNativeTarget section */

/* Begin PBXProject section */
		046F572A2B9F6F5C002B67D7 /* Project object */ = {
			isa = PBXProject;
			attributes = {
				BuildIndependentTargetsInParallel = 1;
				LastSwiftUpdateCheck = 1520;
				LastUpgradeCheck = 1520;
				TargetAttributes = {
					046F57312B9F6F5C002B67D7 = {
						CreatedOnToolsVersion = 15.2;
					};
				};
			};
			buildConfigurationList = 046F572D2B9F6F5C002B67D7 /* Build configuration list for PBXProject "iExpense" */;
			compatibilityVersion = "Xcode 14.0";
			developmentRegion = en;
			hasScannedForEncodings = 0;
			knownRegions = (
				en,
				Base,
			);
			mainGroup = 046F57292B9F6F5C002B67D7;
			productRefGroup = 046F57332B9F6F5C002B67D7 /* Products */;
			projectDirPath = "";
			projectRoot = "";
			targets = (
				046F57312B9F6F5C002B67D7 /* iExpense */,
			);
		};
/* End PBXProject section */

/* Begin PBXResourcesBuildPhase section */
		046F57302B9F6F5C002B67D7 /* Resources */ = {
			isa = PBXResourcesBuildPhase;
			buildActionMask = 2147483647;
			files = (
				04533FF92B9F820200E4310E /* README in Resources */,
				046F573D2B9F6F5E002B67D7 /* Preview Assets.xcassets in Resources */,
				046F573A2B9F6F5E002B67D7 /* Assets.xcassets in Resources */,
			);
			runOnlyForDeploymentPostprocessing = 0;
		};
/* End PBXResourcesBuildPhase section */

/* Begin PBXSourcesBuildPhase section */
		046F572E2B9F6F5C002B67D7 /* Sources */ = {
			isa = PBXSourcesBuildPhase;
			buildActionMask = 2147483647;
			files = (
				045340002B9F849000E4310E /* Expense.swift in Sources */,
				04533FF42B9F7EBC00E4310E /* ContentViewWithSheet.swift in Sources */,
				04533FFE2B9F847D00E4310E /* ExpenseItem.swift in Sources */,
				04533FF22B9F7E9800E4310E /* SecondView.swift in Sources */,
				04533FF62B9F802200E4310E /* ListOnDelete.swift in Sources */,
				046F57382B9F6F5C002B67D7 /* ContentView.swift in Sources */,
				046F57362B9F6F5C002B67D7 /* iExpenseApp.swift in Sources */,
			);
			runOnlyForDeploymentPostprocessing = 0;
		};
/* End PBXSourcesBuildPhase section */

/* Begin XCBuildConfiguration section */
		046F573E2B9F6F5E002B67D7 /* Debug */ = {
			isa = XCBuildConfiguration;
			buildSettings = {
				ALWAYS_SEARCH_USER_PATHS = NO;
				ASSETCATALOG_COMPILER_GENERATE_SWIFT_ASSET_SYMBOL_EXTENSIONS = YES;
				CLANG_ANALYZER_NONNULL = YES;
				CLANG_ANALYZER_NUMBER_OBJECT_CONVERSION = YES_AGGRESSIVE;
				CLANG_CXX_LANGUAGE_STANDARD = "gnu++20";
				CLANG_ENABLE_MODULES = YES;
				CLANG_ENABLE_OBJC_ARC = YES;
				CLANG_ENABLE_OBJC_WEAK = YES;
				CLANG_WARN_BLOCK_CAPTURE_AUTORELEASING = YES;
				CLANG_WARN_BOOL_CONVERSION = YES;
				CLANG_WARN_COMMA = YES;
				CLANG_WARN_CONSTANT_CONVERSION = YES;
				CLANG_WARN_DEPRECATED_OBJC_IMPLEMENTATIONS = YES;
				CLANG_WARN_DIRECT_OBJC_ISA_USAGE = YES_ERROR;
				CLANG_WARN_DOCUMENTATION_COMMENTS = YES;
				CLANG_WARN_EMPTY_BODY = YES;
				CLANG_WARN_ENUM_CONVERSION = YES;
				CLANG_WARN_INFINITE_RECURSION = YES;
				CLANG_WARN_INT_CONVERSION = YES;
				CLANG_WARN_NON_LITERAL_NULL_CONVERSION = YES;
				CLANG_WARN_OBJC_IMPLICIT_RETAIN_SELF = YES;
				CLANG_WARN_OBJC_LITERAL_CONVERSION = YES;
				CLANG_WARN_OBJC_ROOT_CLASS = YES_ERROR;
				CLANG_WARN_QUOTED_INCLUDE_IN_FRAMEWORK_HEADER = YES;
				CLANG_WARN_RANGE_LOOP_ANALYSIS = YES;
				CLANG_WARN_STRICT_PROTOTYPES = YES;
				CLANG_WARN_SUSPICIOUS_MOVE = YES;
				CLANG_WARN_UNGUARDED_AVAILABILITY = YES_AGGRESSIVE;
				CLANG_WARN_UNREACHABLE_CODE = YES;
				CLANG_WARN__DUPLICATE_METHOD_MATCH = YES;
				COPY_PHASE_STRIP = NO;
				DEBUG_INFORMATION_FORMAT = dwarf;
				ENABLE_STRICT_OBJC_MSGSEND = YES;
				ENABLE_TESTABILITY = YES;
				ENABLE_USER_SCRIPT_SANDBOXING = YES;
				GCC_C_LANGUAGE_STANDARD = gnu17;
				GCC_DYNAMIC_NO_PIC = NO;
				GCC_NO_COMMON_BLOCKS = YES;
				GCC_OPTIMIZATION_LEVEL = 0;
				GCC_PREPROCESSOR_DEFINITIONS = (
					"DEBUG=1",
					"$(inherited)",
				);
				GCC_WARN_64_TO_32_BIT_CONVERSION = YES;
				GCC_WARN_ABOUT_RETURN_TYPE = YES_ERROR;
				GCC_WARN_UNDECLARED_SELECTOR = YES;
				GCC_WARN_UNINITIALIZED_AUTOS = YES_AGGRESSIVE;
				GCC_WARN_UNUSED_FUNCTION = YES;
				GCC_WARN_UNUSED_VARIABLE = YES;
				IPHONEOS_DEPLOYMENT_TARGET = 17.2;
				LOCALIZATION_PREFERS_STRING_CATALOGS = YES;
				MTL_ENABLE_DEBUG_INFO = INCLUDE_SOURCE;
				MTL_FAST_MATH = YES;
				ONLY_ACTIVE_ARCH = YES;
				SDKROOT = iphoneos;
				SWIFT_ACTIVE_COMPILATION_CONDITIONS = "DEBUG $(inherited)";
				SWIFT_OPTIMIZATION_LEVEL = "-Onone";
			};
			name = Debug;
		};
		046F573F2B9F6F5E002B67D7 /* Release */ = {
			isa = XCBuildConfiguration;
			buildSettings = {
				ALWAYS_SEARCH_USER_PATHS = NO;
				ASSETCATALOG_COMPILER_GENERATE_SWIFT_ASSET_SYMBOL_EXTENSIONS = YES;
				CLANG_ANALYZER_NONNULL = YES;
				CLANG_ANALYZER_NUMBER_OBJECT_CONVERSION = YES_AGGRESSIVE;
				CLANG_CXX_LANGUAGE_STANDARD = "gnu++20";
				CLANG_ENABLE_MODULES = YES;
				CLANG_ENABLE_OBJC_ARC = YES;
				CLANG_ENABLE_OBJC_WEAK = YES;
				CLANG_WARN_BLOCK_CAPTURE_AUTORELEASING = YES;
				CLANG_WARN_BOOL_CONVERSION = YES;
				CLANG_WARN_COMMA = YES;
				CLANG_WARN_CONSTANT_CONVERSION = YES;
				CLANG_WARN_DEPRECATED_OBJC_IMPLEMENTATIONS = YES;
				CLANG_WARN_DIRECT_OBJC_ISA_USAGE = YES_ERROR;
				CLANG_WARN_DOCUMENTATION_COMMENTS = YES;
				CLANG_WARN_EMPTY_BODY = YES;
				CLANG_WARN_ENUM_CONVERSION = YES;
				CLANG_WARN_INFINITE_RECURSION = YES;
				CLANG_WARN_INT_CONVERSION = YES;
				CLANG_WARN_NON_LITERAL_NULL_CONVERSION = YES;
				CLANG_WARN_OBJC_IMPLICIT_RETAIN_SELF = YES;
				CLANG_WARN_OBJC_LITERAL_CONVERSION = YES;
				CLANG_WARN_OBJC_ROOT_CLASS = YES_ERROR;
				CLANG_WARN_QUOTED_INCLUDE_IN_FRAMEWORK_HEADER = YES;
				CLANG_WARN_RANGE_LOOP_ANALYSIS = YES;
				CLANG_WARN_STRICT_PROTOTYPES = YES;
				CLANG_WARN_SUSPICIOUS_MOVE = YES;
				CLANG_WARN_UNGUARDED_AVAILABILITY = YES_AGGRESSIVE;
				CLANG_WARN_UNREACHABLE_CODE = YES;
				CLANG_WARN__DUPLICATE_METHOD_MATCH = YES;
				COPY_PHASE_STRIP = NO;
				DEBUG_INFORMATION_FORMAT = "dwarf-with-dsym";
				ENABLE_NS_ASSERTIONS = NO;
				ENABLE_STRICT_OBJC_MSGSEND = YES;
				ENABLE_USER_SCRIPT_SANDBOXING = YES;
				GCC_C_LANGUAGE_STANDARD = gnu17;
				GCC_NO_COMMON_BLOCKS = YES;
				GCC_WARN_64_TO_32_BIT_CONVERSION = YES;
				GCC_WARN_ABOUT_RETURN_TYPE = YES_ERROR;
				GCC_WARN_UNDECLARED_SELECTOR = YES;
				GCC_WARN_UNINITIALIZED_AUTOS = YES_AGGRESSIVE;
				GCC_WARN_UNUSED_FUNCTION = YES;
				GCC_WARN_UNUSED_VARIABLE = YES;
				IPHONEOS_DEPLOYMENT_TARGET = 17.2;
				LOCALIZATION_PREFERS_STRING_CATALOGS = YES;
				MTL_ENABLE_DEBUG_INFO = NO;
				MTL_FAST_MATH = YES;
				SDKROOT = iphoneos;
				SWIFT_COMPILATION_MODE = wholemodule;
				VALIDATE_PRODUCT = YES;
			};
			name = Release;
		};
		046F57412B9F6F5E002B67D7 /* Debug */ = {
			isa = XCBuildConfiguration;
			buildSettings = {
				ASSETCATALOG_COMPILER_APPICON_NAME = AppIcon;
				ASSETCATALOG_COMPILER_GLOBAL_ACCENT_COLOR_NAME = AccentColor;
				CODE_SIGN_STYLE = Automatic;
				CURRENT_PROJECT_VERSION = 1;
				DEVELOPMENT_ASSET_PATHS = "\"iExpense/Preview Content\"";
				DEVELOPMENT_TEAM = LJ5NJ37RFB;
				ENABLE_PREVIEWS = YES;
				GENERATE_INFOPLIST_FILE = YES;
				INFOPLIST_KEY_UIApplicationSceneManifest_Generation = YES;
				INFOPLIST_KEY_UIApplicationSupportsIndirectInputEvents = YES;
				INFOPLIST_KEY_UILaunchScreen_Generation = YES;
				INFOPLIST_KEY_UISupportedInterfaceOrientations_iPad = "UIInterfaceOrientationPortrait UIInterfaceOrientationPortraitUpsideDown UIInterfaceOrientationLandscapeLeft UIInterfaceOrientationLandscapeRight";
				INFOPLIST_KEY_UISupportedInterfaceOrientations_iPhone = "UIInterfaceOrientationPortrait UIInterfaceOrientationLandscapeLeft UIInterfaceOrientationLandscapeRight";
				LD_RUNPATH_SEARCH_PATHS = (
					"$(inherited)",
					"@executable_path/Frameworks",
				);
				MARKETING_VERSION = 1.0;
				PRODUCT_BUNDLE_IDENTIFIER = com.tedom.iExpense;
				PRODUCT_NAME = "$(TARGET_NAME)";
				SWIFT_EMIT_LOC_STRINGS = YES;
				SWIFT_VERSION = 5.0;
				TARGETED_DEVICE_FAMILY = "1,2";
			};
			name = Debug;
		};
		046F57422B9F6F5E002B67D7 /* Release */ = {
			isa = XCBuildConfiguration;
			buildSettings = {
				ASSETCATALOG_COMPILER_APPICON_NAME = AppIcon;
				ASSETCATALOG_COMPILER_GLOBAL_ACCENT_COLOR_NAME = AccentColor;
				CODE_SIGN_STYLE = Automatic;
				CURRENT_PROJECT_VERSION = 1;
				DEVELOPMENT_ASSET_PATHS = "\"iExpense/Preview Content\"";
				DEVELOPMENT_TEAM = LJ5NJ37RFB;
				ENABLE_PREVIEWS = YES;
				GENERATE_INFOPLIST_FILE = YES;
				INFOPLIST_KEY_UIApplicationSceneManifest_Generation = YES;
				INFOPLIST_KEY_UIApplicationSupportsIndirectInputEvents = YES;
				INFOPLIST_KEY_UILaunchScreen_Generation = YES;
				INFOPLIST_KEY_UISupportedInterfaceOrientations_iPad = "UIInterfaceOrientationPortrait UIInterfaceOrientationPortraitUpsideDown UIInterfaceOrientationLandscapeLeft UIInterfaceOrientationLandscapeRight";
				INFOPLIST_KEY_UISupportedInterfaceOrientations_iPhone = "UIInterfaceOrientationPortrait UIInterfaceOrientationLandscapeLeft UIInterfaceOrientationLandscapeRight";
				LD_RUNPATH_SEARCH_PATHS = (
					"$(inherited)",
					"@executable_path/Frameworks",
				);
				MARKETING_VERSION = 1.0;
				PRODUCT_BUNDLE_IDENTIFIER = com.tedom.iExpense;
				PRODUCT_NAME = "$(TARGET_NAME)";
				SWIFT_EMIT_LOC_STRINGS = YES;
				SWIFT_VERSION = 5.0;
				TARGETED_DEVICE_FAMILY = "1,2";
			};
			name = Release;
		};
/* End XCBuildConfiguration section */

/* Begin XCConfigurationList section */
		046F572D2B9F6F5C002B67D7 /* Build configuration list for PBXProject "iExpense" */ = {
			isa = XCConfigurationList;
			buildConfigurations = (
				046F573E2B9F6F5E002B67D7 /* Debug */,
				046F573F2B9F6F5E002B67D7 /* Release */,
			);
			defaultConfigurationIsVisible = 0;
			defaultConfigurationName = Release;
		};
		046F57402B9F6F5E002B67D7 /* Build configuration list for PBXNativeTarget "iExpense" */ = {
			isa = XCConfigurationList;
			buildConfigurations = (
				046F57412B9F6F5E002B67D7 /* Debug */,
				046F57422B9F6F5E002B67D7 /* Release */,
			);
			defaultConfigurationIsVisible = 0;
			defaultConfigurationName = Release;
		};
/* End XCConfigurationList section */
	};
	rootObject = 046F572A2B9F6F5C002B67D7 /* Project object */;
}
